
Microsoft Visual Studio Solution File, Format Version 12.00
# Visual Studio Version 17
VisualStudioVersion = 17.5.33516.290
MinimumVisualStudioVersion = 10.0.40219.1
Project("{FAE04EC0-301F-11D3-BF4B-00C04F79EFBC}") = "APIProjectBigBang", "APIProjectBigBang\APIProjectBigBang.csproj", "{E8A8CFCD-5ECE-41BF-A897-AD56CDB750E6}"
EndProject
Global
	GlobalSection(SolutionConfigurationPlatforms) = preSolution
		Debug|Any CPU = Debug|Any CPU
		Release|Any CPU = Release|Any CPU
	EndGlobalSection
	GlobalSection(ProjectConfigurationPlatforms) = postSolution
		{E8A8CFCD-5ECE-41BF-A897-AD56CDB750E6}.Debug|Any CPU.ActiveCfg = Debug|Any CPU
		{E8A8CFCD-5ECE-41BF-A897-AD56CDB750E6}.Debug|Any CPU.Build.0 = Debug|Any CPU
		{E8A8CFCD-5ECE-41BF-A897-AD56CDB750E6}.Release|Any CPU.ActiveCfg = Release|Any CPU
		{E8A8CFCD-5ECE-41BF-A897-AD56CDB750E6}.Release|Any CPU.Build.0 = Release|Any CPU
	EndGlobalSection
	GlobalSection(SolutionProperties) = preSolution
		HideSolutionNode = FALSE
	EndGlobalSection
	GlobalSection(ExtensibilityGlobals) = postSolution
		SolutionGuid = {D4080096-A678-4CE6-855F-84C59317AA28}
	EndGlobalSection
EndGlobal
